// !$*UTF8*$!
{
	archiveVersion = 1;
	classes = {
	};
	objectVersion = 46;
	objects = {

/* Begin PBXBuildFile section */
		658733171E0E07F6005480FC /* AppDelegate.m in Sources */ = {isa = PBXBuildFile; fileRef = 658733161E0E07F6005480FC /* AppDelegate.m */; };
		6587331A1E0E07F6005480FC /* main.m in Sources */ = {isa = PBXBuildFile; fileRef = 658733191E0E07F6005480FC /* main.m */; };
		6587331D1E0E07F6005480FC /* ViewController.m in Sources */ = {isa = PBXBuildFile; fileRef = 6587331C1E0E07F6005480FC /* ViewController.m */; };
		6587331F1E0E07F6005480FC /* Assets.xcassets in Resources */ = {isa = PBXBuildFile; fileRef = 6587331E1E0E07F6005480FC /* Assets.xcassets */; };
		658733221E0E07F6005480FC /* Main.storyboard in Resources */ = {isa = PBXBuildFile; fileRef = 658733201E0E07F6005480FC /* Main.storyboard */; };
		6587332E1E0E0E9F005480FC /* GLKit.framework in Frameworks */ = {isa = PBXBuildFile; fileRef = 6587332C1E0E0E9F005480FC /* GLKit.framework */; };
		6587332F1E0E0E9F005480FC /* OpenGL.framework in Frameworks */ = {isa = PBXBuildFile; fileRef = 6587332D1E0E0E9F005480FC /* OpenGL.framework */; };
		6587333E1E0E128D005480FC /* MyOpenGLView.mm in Sources */ = {isa = PBXBuildFile; fileRef = 6587333D1E0E128D005480FC /* MyOpenGLView.mm */; };
		658733411E0E15B2005480FC /* MyScene.cpp in Sources */ = {isa = PBXBuildFile; fileRef = 6587333F1E0E15B2005480FC /* MyScene.cpp */; };
		658733431E0E1987005480FC /* vertex.glsl in Resources */ = {isa = PBXBuildFile; fileRef = 658733421E0E1987005480FC /* vertex.glsl */; };
		658733461E0E19E5005480FC /* fragment.glsl in Resources */ = {isa = PBXBuildFile; fileRef = 658733451E0E19E5005480FC /* fragment.glsl */; };
		6592BC181E11E9AA001EAD16 /* Tiles16x16.png in Resources */ = {isa = PBXBuildFile; fileRef = 6592BC171E11E9AA001EAD16 /* Tiles16x16.png */; };
/* End PBXBuildFile section */

/* Begin PBXFileReference section */
		658733121E0E07F6005480FC /* PolyVoxTest.app */ = {isa = PBXFileReference; explicitFileType = wrapper.application; includeInIndex = 0; path = PolyVoxTest.app; sourceTree = BUILT_PRODUCTS_DIR; };
		658733151E0E07F6005480FC /* AppDelegate.h */ = {isa = PBXFileReference; lastKnownFileType = sourcecode.c.h; path = AppDelegate.h; sourceTree = "<group>"; };
		658733161E0E07F6005480FC /* AppDelegate.m */ = {isa = PBXFileReference; lastKnownFileType = sourcecode.c.objc; path = AppDelegate.m; sourceTree = "<group>"; };
		658733191E0E07F6005480FC /* main.m */ = {isa = PBXFileReference; lastKnownFileType = sourcecode.c.objc; path = main.m; sourceTree = "<group>"; };
		6587331B1E0E07F6005480FC /* ViewController.h */ = {isa = PBXFileReference; lastKnownFileType = sourcecode.c.h; path = ViewController.h; sourceTree = "<group>"; };
		6587331C1E0E07F6005480FC /* ViewController.m */ = {isa = PBXFileReference; lastKnownFileType = sourcecode.c.objc; path = ViewController.m; sourceTree = "<group>"; };
		6587331E1E0E07F6005480FC /* Assets.xcassets */ = {isa = PBXFileReference; lastKnownFileType = folder.assetcatalog; path = Assets.xcassets; sourceTree = "<group>"; };
		658733211E0E07F6005480FC /* Base */ = {isa = PBXFileReference; lastKnownFileType = file.storyboard; name = Base; path = Base.lproj/Main.storyboard; sourceTree = "<group>"; };
		658733231E0E07F6005480FC /* Info.plist */ = {isa = PBXFileReference; lastKnownFileType = text.plist.xml; path = Info.plist; sourceTree = "<group>"; };
		658733291E0E0E78005480FC /* PolyVox */ = {isa = PBXFileReference; lastKnownFileType = folder; path = PolyVox; sourceTree = "<group>"; };
		6587332C1E0E0E9F005480FC /* GLKit.framework */ = {isa = PBXFileReference; lastKnownFileType = wrapper.framework; name = GLKit.framework; path = System/Library/Frameworks/GLKit.framework; sourceTree = SDKROOT; };
		6587332D1E0E0E9F005480FC /* OpenGL.framework */ = {isa = PBXFileReference; lastKnownFileType = wrapper.framework; name = OpenGL.framework; path = System/Library/Frameworks/OpenGL.framework; sourceTree = SDKROOT; };
		6587333C1E0E128D005480FC /* MyOpenGLView.h */ = {isa = PBXFileReference; fileEncoding = 4; lastKnownFileType = sourcecode.c.h; path = MyOpenGLView.h; sourceTree = "<group>"; };
		6587333D1E0E128D005480FC /* MyOpenGLView.mm */ = {isa = PBXFileReference; fileEncoding = 4; lastKnownFileType = sourcecode.cpp.objcpp; path = MyOpenGLView.mm; sourceTree = "<group>"; };
		6587333F1E0E15B2005480FC /* MyScene.cpp */ = {isa = PBXFileReference; fileEncoding = 4; lastKnownFileType = sourcecode.cpp.cpp; path = MyScene.cpp; sourceTree = "<group>"; };
		658733401E0E15B2005480FC /* MyScene.hpp */ = {isa = PBXFileReference; fileEncoding = 4; lastKnownFileType = sourcecode.cpp.h; path = MyScene.hpp; sourceTree = "<group>"; };
		658733421E0E1987005480FC /* vertex.glsl */ = {isa = PBXFileReference; fileEncoding = 4; lastKnownFileType = text; name = vertex.glsl; path = PolyVoxTest/vertex.glsl; sourceTree = "<group>"; };
		658733451E0E19E5005480FC /* fragment.glsl */ = {isa = PBXFileReference; fileEncoding = 4; lastKnownFileType = text; name = fragment.glsl; path = PolyVoxTest/fragment.glsl; sourceTree = "<group>"; };
		6592BC171E11E9AA001EAD16 /* Tiles16x16.png */ = {isa = PBXFileReference; lastKnownFileType = image.png; name = Tiles16x16.png; path = PolyVoxTest/Tiles16x16.png; sourceTree = "<group>"; };
		6592BC191E11EA48001EAD16 /* pico_png.h */ = {isa = PBXFileReference; lastKnownFileType = sourcecode.c.h; name = pico_png.h; path = ../../../../Documents/Arduino/neopixel/pico_png.h; sourceTree = "<group>"; };
/* End PBXFileReference section */

/* Begin PBXFrameworksBuildPhase section */
		6587330F1E0E07F6005480FC /* Frameworks */ = {
			isa = PBXFrameworksBuildPhase;
			buildActionMask = 2147483647;
			files = (
				6587332E1E0E0E9F005480FC /* GLKit.framework in Frameworks */,
				6587332F1E0E0E9F005480FC /* OpenGL.framework in Frameworks */,
			);
			runOnlyForDeploymentPostprocessing = 0;
		};
/* End PBXFrameworksBuildPhase section */

/* Begin PBXGroup section */
		658733091E0E07F6005480FC = {
			isa = PBXGroup;
			children = (
				658733141E0E07F6005480FC /* PolyVoxTest */,
				658733131E0E07F6005480FC /* Products */,
				6587332B1E0E0E9F005480FC /* Frameworks */,
			);
			sourceTree = "<group>";
		};
		658733131E0E07F6005480FC /* Products */ = {
			isa = PBXGroup;
			children = (
				658733121E0E07F6005480FC /* PolyVoxTest.app */,
			);
			name = Products;
			sourceTree = "<group>";
		};
		658733141E0E07F6005480FC /* PolyVoxTest */ = {
			isa = PBXGroup;
			children = (
				658733441E0E19A7005480FC /* Resources */,
				658733291E0E0E78005480FC /* PolyVox */,
				6592BC191E11EA48001EAD16 /* pico_png.h */,
				658733151E0E07F6005480FC /* AppDelegate.h */,
				658733161E0E07F6005480FC /* AppDelegate.m */,
				6587331B1E0E07F6005480FC /* ViewController.h */,
				6587331C1E0E07F6005480FC /* ViewController.m */,
				658733401E0E15B2005480FC /* MyScene.hpp */,
				6587333F1E0E15B2005480FC /* MyScene.cpp */,
				6587333C1E0E128D005480FC /* MyOpenGLView.h */,
				6587333D1E0E128D005480FC /* MyOpenGLView.mm */,
				6587331E1E0E07F6005480FC /* Assets.xcassets */,
				658733201E0E07F6005480FC /* Main.storyboard */,
				658733231E0E07F6005480FC /* Info.plist */,
				658733181E0E07F6005480FC /* Supporting Files */,
			);
			path = PolyVoxTest;
			sourceTree = "<group>";
		};
		658733181E0E07F6005480FC /* Supporting Files */ = {
			isa = PBXGroup;
			children = (
				658733191E0E07F6005480FC /* main.m */,
			);
			name = "Supporting Files";
			sourceTree = "<group>";
		};
		6587332B1E0E0E9F005480FC /* Frameworks */ = {
			isa = PBXGroup;
			children = (
				6587332C1E0E0E9F005480FC /* GLKit.framework */,
				6587332D1E0E0E9F005480FC /* OpenGL.framework */,
			);
			name = Frameworks;
			sourceTree = "<group>";
		};
		658733441E0E19A7005480FC /* Resources */ = {
			isa = PBXGroup;
			children = (
				6592BC171E11E9AA001EAD16 /* Tiles16x16.png */,
				658733421E0E1987005480FC /* vertex.glsl */,
				658733451E0E19E5005480FC /* fragment.glsl */,
			);
			name = Resources;
			path = ..;
			sourceTree = "<group>";
		};
/* End PBXGroup section */

/* Begin PBXNativeTarget section */
		658733111E0E07F6005480FC /* PolyVoxTest */ = {
			isa = PBXNativeTarget;
			buildConfigurationList = 658733261E0E07F6005480FC /* Build configuration list for PBXNativeTarget "PolyVoxTest" */;
			buildPhases = (
				6587330E1E0E07F6005480FC /* Sources */,
				6587330F1E0E07F6005480FC /* Frameworks */,
				658733101E0E07F6005480FC /* Resources */,
			);
			buildRules = (
			);
			dependencies = (
			);
			name = PolyVoxTest;
			productName = PolyVoxTest;
			productReference = 658733121E0E07F6005480FC /* PolyVoxTest.app */;
			productType = "com.apple.product-type.application";
		};
/* End PBXNativeTarget section */

/* Begin PBXProject section */
		6587330A1E0E07F6005480FC /* Project object */ = {
			isa = PBXProject;
			attributes = {
				LastUpgradeCheck = 0820;
				ORGANIZATIONNAME = "Automagic Software";
				TargetAttributes = {
					658733111E0E07F6005480FC = {
						CreatedOnToolsVersion = 8.2.1;
						DevelopmentTeam = AP4EL24GMZ;
						ProvisioningStyle = Automatic;
					};
				};
			};
			buildConfigurationList = 6587330D1E0E07F6005480FC /* Build configuration list for PBXProject "PolyVoxTest" */;
			compatibilityVersion = "Xcode 3.2";
			developmentRegion = English;
			hasScannedForEncodings = 0;
			knownRegions = (
				en,
				Base,
			);
			mainGroup = 658733091E0E07F6005480FC;
			productRefGroup = 658733131E0E07F6005480FC /* Products */;
			projectDirPath = "";
			projectRoot = "";
			targets = (
				658733111E0E07F6005480FC /* PolyVoxTest */,
			);
		};
/* End PBXProject section */

/* Begin PBXResourcesBuildPhase section */
		658733101E0E07F6005480FC /* Resources */ = {
			isa = PBXResourcesBuildPhase;
			buildActionMask = 2147483647;
			files = (
				6592BC181E11E9AA001EAD16 /* Tiles16x16.png in Resources */,
				658733461E0E19E5005480FC /* fragment.glsl in Resources */,
				6587331F1E0E07F6005480FC /* Assets.xcassets in Resources */,
				658733431E0E1987005480FC /* vertex.glsl in Resources */,
				658733221E0E07F6005480FC /* Main.storyboard in Resources */,
			);
			runOnlyForDeploymentPostprocessing = 0;
		};
/* End PBXResourcesBuildPhase section */

/* Begin PBXSourcesBuildPhase section */
		6587330E1E0E07F6005480FC /* Sources */ = {
			isa = PBXSourcesBuildPhase;
			buildActionMask = 2147483647;
			files = (
				6587331D1E0E07F6005480FC /* ViewController.m in Sources */,
				6587331A1E0E07F6005480FC /* main.m in Sources */,
				658733171E0E07F6005480FC /* AppDelegate.m in Sources */,
				6587333E1E0E128D005480FC /* MyOpenGLView.mm in Sources */,
				658733411E0E15B2005480FC /* MyScene.cpp in Sources */,
			);
			runOnlyForDeploymentPostprocessing = 0;
		};
/* End PBXSourcesBuildPhase section */

/* Begin PBXVariantGroup section */
		658733201E0E07F6005480FC /* Main.storyboard */ = {
			isa = PBXVariantGroup;
			children = (
				658733211E0E07F6005480FC /* Base */,
			);
			name = Main.storyboard;
			sourceTree = "<group>";
		};
/* End PBXVariantGroup section */

/* Begin XCBuildConfiguration section */
		658733241E0E07F6005480FC /* Debug */ = {
			isa = XCBuildConfiguration;
			buildSettings = {
				ALWAYS_SEARCH_USER_PATHS = NO;
				CLANG_ANALYZER_NONNULL = YES;
				CLANG_CXX_LANGUAGE_STANDARD = "gnu++0x";
				CLANG_CXX_LIBRARY = "libc++";
				CLANG_ENABLE_MODULES = YES;
				CLANG_ENABLE_OBJC_ARC = YES;
				CLANG_WARN_BOOL_CONVERSION = YES;
				CLANG_WARN_CONSTANT_CONVERSION = YES;
				CLANG_WARN_DIRECT_OBJC_ISA_USAGE = YES_ERROR;
				CLANG_WARN_DOCUMENTATION_COMMENTS = YES;
				CLANG_WARN_EMPTY_BODY = YES;
				CLANG_WARN_ENUM_CONVERSION = YES;
				CLANG_WARN_INFINITE_RECURSION = YES;
				CLANG_WARN_INT_CONVERSION = YES;
				CLANG_WARN_OBJC_ROOT_CLASS = YES_ERROR;
				CLANG_WARN_SUSPICIOUS_MOVE = YES;
				CLANG_WARN_UNREACHABLE_CODE = YES;
				CLANG_WARN__DUPLICATE_METHOD_MATCH = YES;
				CODE_SIGN_IDENTITY = "-";
				COPY_PHASE_STRIP = NO;
				DEBUG_INFORMATION_FORMAT = dwarf;
				ENABLE_STRICT_OBJC_MSGSEND = YES;
				ENABLE_TESTABILITY = YES;
				GCC_C_LANGUAGE_STANDARD = gnu99;
				GCC_DYNAMIC_NO_PIC = NO;
				GCC_NO_COMMON_BLOCKS = YES;
				GCC_OPTIMIZATION_LEVEL = 0;
				GCC_PREPROCESSOR_DEFINITIONS = (
					"DEBUG=1",
					"$(inherited)",
				);
				GCC_WARN_64_TO_32_BIT_CONVERSION = YES;
				GCC_WARN_ABOUT_RETURN_TYPE = YES_ERROR;
				GCC_WARN_UNDECLARED_SELECTOR = YES;
				GCC_WARN_UNINITIALIZED_AUTOS = YES_AGGRESSIVE;
				GCC_WARN_UNUSED_FUNCTION = YES;
				GCC_WARN_UNUSED_VARIABLE = YES;
				MACOSX_DEPLOYMENT_TARGET = 10.12;
				MTL_ENABLE_DEBUG_INFO = YES;
				ONLY_ACTIVE_ARCH = YES;
				SDKROOT = macosx;
			};
			name = Debug;
		};
		658733251E0E07F6005480FC /* Release */ = {
			isa = XCBuildConfiguration;
			buildSettings = {
				ALWAYS_SEARCH_USER_PATHS = NO;
				CLANG_ANALYZER_NONNULL = YES;
				CLANG_CXX_LANGUAGE_STANDARD = "gnu++0x";
				CLANG_CXX_LIBRARY = "libc++";
				CLANG_ENABLE_MODULES = YES;
				CLANG_ENABLE_OBJC_ARC = YES;
				CLANG_WARN_BOOL_CONVERSION = YES;
				CLANG_WARN_CONSTANT_CONVERSION = YES;
				CLANG_WARN_DIRECT_OBJC_ISA_USAGE = YES_ERROR;
				CLANG_WARN_DOCUMENTATION_COMMENTS = YES;
				CLANG_WARN_EMPTY_BODY = YES;
				CLANG_WARN_ENUM_CONVERSION = YES;
				CLANG_WARN_INFINITE_RECURSION = YES;
				CLANG_WARN_INT_CONVERSION = YES;
				CLANG_WARN_OBJC_ROOT_CLASS = YES_ERROR;
				CLANG_WARN_SUSPICIOUS_MOVE = YES;
				CLANG_WARN_UNREACHABLE_CODE = YES;
				CLANG_WARN__DUPLICATE_METHOD_MATCH = YES;
				CODE_SIGN_IDENTITY = "-";
				COPY_PHASE_STRIP = NO;
				DEBUG_INFORMATION_FORMAT = "dwarf-with-dsym";
				ENABLE_NS_ASSERTIONS = NO;
				ENABLE_STRICT_OBJC_MSGSEND = YES;
				GCC_C_LANGUAGE_STANDARD = gnu99;
				GCC_NO_COMMON_BLOCKS = YES;
				GCC_WARN_64_TO_32_BIT_CONVERSION = YES;
				GCC_WARN_ABOUT_RETURN_TYPE = YES_ERROR;
				GCC_WARN_UNDECLARED_SELECTOR = YES;
				GCC_WARN_UNINITIALIZED_AUTOS = YES_AGGRESSIVE;
				GCC_WARN_UNUSED_FUNCTION = YES;
				GCC_WARN_UNUSED_VARIABLE = YES;
				MACOSX_DEPLOYMENT_TARGET = 10.12;
				MTL_ENABLE_DEBUG_INFO = NO;
				SDKROOT = macosx;
			};
			name = Release;
		};
		658733271E0E07F6005480FC /* Debug */ = {
			isa = XCBuildConfiguration;
			buildSettings = {
				ASSETCATALOG_COMPILER_APPICON_NAME = AppIcon;
				COMBINE_HIDPI_IMAGES = YES;
				DEVELOPMENT_TEAM = AP4EL24GMZ;
				INFOPLIST_FILE = PolyVoxTest/Info.plist;
				LD_RUNPATH_SEARCH_PATHS = "$(inherited) @executable_path/../Frameworks";
				PRODUCT_BUNDLE_IDENTIFIER = com.automagicsoftware.PolyVoxTest;
				PRODUCT_NAME = "$(TARGET_NAME)";
			};
			name = Debug;
		};
		658733281E0E07F6005480FC /* Release */ = {
			isa = XCBuildConfiguration;
			buildSettings = {
				ASSETCATALOG_COMPILER_APPICON_NAME = AppIcon;
				COMBINE_HIDPI_IMAGES = YES;
				DEVELOPMENT_TEAM = AP4EL24GMZ;
				INFOPLIST_FILE = PolyVoxTest/Info.plist;
				LD_RUNPATH_SEARCH_PATHS = "$(inherited) @executable_path/../Frameworks";
				PRODUCT_BUNDLE_IDENTIFIER = com.automagicsoftware.PolyVoxTest;
				PRODUCT_NAME = "$(TARGET_NAME)";
			};
			name = Release;
		};
/* End XCBuildConfiguration section */

/* Begin XCConfigurationList section */
		6587330D1E0E07F6005480FC /* Build configuration list for PBXProject "PolyVoxTest" */ = {
			isa = XCConfigurationList;
			buildConfigurations = (
				658733241E0E07F6005480FC /* Debug */,
				658733251E0E07F6005480FC /* Release */,
			);
			defaultConfigurationIsVisible = 0;
			defaultConfigurationName = Release;
		};
		658733261E0E07F6005480FC /* Build configuration list for PBXNativeTarget "PolyVoxTest" */ = {
			isa = XCConfigurationList;
			buildConfigurations = (
				658733271E0E07F6005480FC /* Debug */,
				658733281E0E07F6005480FC /* Release */,
			);
			defaultConfigurationIsVisible = 0;
			defaultConfigurationName = Release;
		};
/* End XCConfigurationList section */
	};
	rootObject = 6587330A1E0E07F6005480FC /* Project object */;
}
